
Microsoft Visual Studio Solution File, Format Version 12.00
# Visual Studio Version 16
VisualStudioVersion = 16.0.28729.10
MinimumVisualStudioVersion = 10.0.40219.1
Project("{9A19103F-16F7-4668-BE54-9A1E7A4F7556}") = "AdamantiumVulkan.Generator", "AdamantiumVulkan.Generator\AdamantiumVulkan.Generator.csproj", "{ACB79C1E-031F-451E-8683-9F80726B7CD5}"
EndProject
Project("{9A19103F-16F7-4668-BE54-9A1E7A4F7556}") = "AdamantiumVulkan", "AdamantiumVulkan\AdamantiumVulkan.csproj", "{34017BCD-C3B6-4FA9-AC73-8560B4140210}"
EndProject
Project("{9A19103F-16F7-4668-BE54-9A1E7A4F7556}") = "AdamantiumVulkan.Core", "AdamantiumVulkan.Core\AdamantiumVulkan.Core.csproj", "{F656E0A1-0D7A-4182-8C57-C3A7713CF186}"
EndProject
Project("{9A19103F-16F7-4668-BE54-9A1E7A4F7556}") = "AdamantiumVulkan.Windows", "AdamantiumVulkan.Windows\AdamantiumVulkan.Windows.csproj", "{11D55FB0-1B85-4BB7-A0D2-553F299B5C3C}"
EndProject
Project("{9A19103F-16F7-4668-BE54-9A1E7A4F7556}") = "AdamantiumVulkan.Shaders", "AdamantiumVulkan.Shaders\AdamantiumVulkan.Shaders.csproj", "{42ADCC42-1347-4B9E-81FA-27F2AF6DC93F}"
EndProject
Project("{9A19103F-16F7-4668-BE54-9A1E7A4F7556}") = "AdamantiumVulkan.Demo", "AdamantiunVulkan.Demo\AdamantiumVulkan.Demo.csproj", "{D7776994-78B4-47C1-B4E5-238F0F140FCE}"
EndProject
Project("{9A19103F-16F7-4668-BE54-9A1E7A4F7556}") = "QuantumBinding.Generator", "..\QuantumBinding\QuantumBinding.Generator\QuantumBinding.Generator.csproj", "{A576F2F7-00F7-41AF-988D-3A566DD67738}"
EndProject
Project("{9A19103F-16F7-4668-BE54-9A1E7A4F7556}") = "QuantumBinding.Clang", "..\QuantumBinding\QuantumBinding.Clang\QuantumBinding.Clang.csproj", "{02D23671-5397-400B-815F-741A677FFC76}"
EndProject
Project("{FAE04EC0-301F-11D3-BF4B-00C04F79EFBC}") = "AdamantiumVulkan.MacOS", "AdamantiumVulkan.MacOS\AdamantiumVulkan.MacOS.csproj", "{C526A5BF-554D-4227-8EAC-22D634C81BCC}"
EndProject
Global
	GlobalSection(SolutionConfigurationPlatforms) = preSolution
		Debug|Any CPU = Debug|Any CPU
		Debug|x64 = Debug|x64
		Release|Any CPU = Release|Any CPU
		Release|x64 = Release|x64
	EndGlobalSection
	GlobalSection(ProjectConfigurationPlatforms) = postSolution
		{ACB79C1E-031F-451E-8683-9F80726B7CD5}.Debug|Any CPU.ActiveCfg = Debug|Any CPU
		{ACB79C1E-031F-451E-8683-9F80726B7CD5}.Debug|Any CPU.Build.0 = Debug|Any CPU
		{ACB79C1E-031F-451E-8683-9F80726B7CD5}.Debug|x64.ActiveCfg = Debug|x64
		{ACB79C1E-031F-451E-8683-9F80726B7CD5}.Debug|x64.Build.0 = Debug|x64
		{ACB79C1E-031F-451E-8683-9F80726B7CD5}.Release|Any CPU.ActiveCfg = Release|Any CPU
		{ACB79C1E-031F-451E-8683-9F80726B7CD5}.Release|Any CPU.Build.0 = Release|Any CPU
		{ACB79C1E-031F-451E-8683-9F80726B7CD5}.Release|x64.ActiveCfg = Release|x64
		{ACB79C1E-031F-451E-8683-9F80726B7CD5}.Release|x64.Build.0 = Release|x64
		{34017BCD-C3B6-4FA9-AC73-8560B4140210}.Debug|Any CPU.ActiveCfg = Debug|x64
		{34017BCD-C3B6-4FA9-AC73-8560B4140210}.Debug|Any CPU.Build.0 = Debug|x64
		{34017BCD-C3B6-4FA9-AC73-8560B4140210}.Debug|x64.ActiveCfg = Debug|x64
		{34017BCD-C3B6-4FA9-AC73-8560B4140210}.Debug|x64.Build.0 = Debug|x64
		{34017BCD-C3B6-4FA9-AC73-8560B4140210}.Release|Any CPU.ActiveCfg = Release|x64
		{34017BCD-C3B6-4FA9-AC73-8560B4140210}.Release|x64.ActiveCfg = Release|x64
		{34017BCD-C3B6-4FA9-AC73-8560B4140210}.Release|x64.Build.0 = Release|x64
		{F656E0A1-0D7A-4182-8C57-C3A7713CF186}.Debug|Any CPU.ActiveCfg = Debug|x64
		{F656E0A1-0D7A-4182-8C57-C3A7713CF186}.Debug|Any CPU.Build.0 = Debug|x64
		{F656E0A1-0D7A-4182-8C57-C3A7713CF186}.Debug|x64.ActiveCfg = Debug|x64
		{F656E0A1-0D7A-4182-8C57-C3A7713CF186}.Debug|x64.Build.0 = Debug|x64
		{F656E0A1-0D7A-4182-8C57-C3A7713CF186}.Release|Any CPU.ActiveCfg = Release|x64
		{F656E0A1-0D7A-4182-8C57-C3A7713CF186}.Release|x64.ActiveCfg = Release|x64
		{F656E0A1-0D7A-4182-8C57-C3A7713CF186}.Release|x64.Build.0 = Release|x64
		{11D55FB0-1B85-4BB7-A0D2-553F299B5C3C}.Debug|Any CPU.ActiveCfg = Debug|Any CPU
		{11D55FB0-1B85-4BB7-A0D2-553F299B5C3C}.Debug|Any CPU.Build.0 = Debug|Any CPU
		{11D55FB0-1B85-4BB7-A0D2-553F299B5C3C}.Debug|x64.ActiveCfg = Debug|x64
		{11D55FB0-1B85-4BB7-A0D2-553F299B5C3C}.Debug|x64.Build.0 = Debug|x64
		{11D55FB0-1B85-4BB7-A0D2-553F299B5C3C}.Release|Any CPU.ActiveCfg = Release|Any CPU
		{11D55FB0-1B85-4BB7-A0D2-553F299B5C3C}.Release|Any CPU.Build.0 = Release|Any CPU
		{11D55FB0-1B85-4BB7-A0D2-553F299B5C3C}.Release|x64.ActiveCfg = Release|x64
		{11D55FB0-1B85-4BB7-A0D2-553F299B5C3C}.Release|x64.Build.0 = Release|x64
		{42ADCC42-1347-4B9E-81FA-27F2AF6DC93F}.Debug|Any CPU.ActiveCfg = Debug|Any CPU
		{42ADCC42-1347-4B9E-81FA-27F2AF6DC93F}.Debug|Any CPU.Build.0 = Debug|Any CPU
		{42ADCC42-1347-4B9E-81FA-27F2AF6DC93F}.Debug|x64.ActiveCfg = Debug|x64
		{42ADCC42-1347-4B9E-81FA-27F2AF6DC93F}.Debug|x64.Build.0 = Debug|x64
		{42ADCC42-1347-4B9E-81FA-27F2AF6DC93F}.Release|Any CPU.ActiveCfg = Release|Any CPU
		{42ADCC42-1347-4B9E-81FA-27F2AF6DC93F}.Release|Any CPU.Build.0 = Release|Any CPU
		{42ADCC42-1347-4B9E-81FA-27F2AF6DC93F}.Release|x64.ActiveCfg = Release|x64
		{42ADCC42-1347-4B9E-81FA-27F2AF6DC93F}.Release|x64.Build.0 = Release|x64
		{D7776994-78B4-47C1-B4E5-238F0F140FCE}.Debug|Any CPU.ActiveCfg = Debug|x64
		{D7776994-78B4-47C1-B4E5-238F0F140FCE}.Debug|x64.ActiveCfg = Debug|x64
		{D7776994-78B4-47C1-B4E5-238F0F140FCE}.Debug|x64.Build.0 = Debug|x64
		{D7776994-78B4-47C1-B4E5-238F0F140FCE}.Release|Any CPU.ActiveCfg = Release|x64
		{D7776994-78B4-47C1-B4E5-238F0F140FCE}.Release|x64.ActiveCfg = Release|x64
		{D7776994-78B4-47C1-B4E5-238F0F140FCE}.Release|x64.Build.0 = Release|x64
		{A576F2F7-00F7-41AF-988D-3A566DD67738}.Debug|Any CPU.ActiveCfg = Debug|Any CPU
		{A576F2F7-00F7-41AF-988D-3A566DD67738}.Debug|Any CPU.Build.0 = Debug|Any CPU
		{A576F2F7-00F7-41AF-988D-3A566DD67738}.Debug|x64.ActiveCfg = Debug|x64
		{A576F2F7-00F7-41AF-988D-3A566DD67738}.Debug|x64.Build.0 = Debug|x64
		{A576F2F7-00F7-41AF-988D-3A566DD67738}.Release|Any CPU.ActiveCfg = Release|Any CPU
		{A576F2F7-00F7-41AF-988D-3A566DD67738}.Release|Any CPU.Build.0 = Release|Any CPU
		{A576F2F7-00F7-41AF-988D-3A566DD67738}.Release|x64.ActiveCfg = Release|x64
		{A576F2F7-00F7-41AF-988D-3A566DD67738}.Release|x64.Build.0 = Release|x64
		{02D23671-5397-400B-815F-741A677FFC76}.Debug|Any CPU.ActiveCfg = Debug|Any CPU
		{02D23671-5397-400B-815F-741A677FFC76}.Debug|Any CPU.Build.0 = Debug|Any CPU
		{02D23671-5397-400B-815F-741A677FFC76}.Debug|x64.ActiveCfg = Debug|x64
		{02D23671-5397-400B-815F-741A677FFC76}.Debug|x64.Build.0 = Debug|x64
		{02D23671-5397-400B-815F-741A677FFC76}.Release|Any CPU.ActiveCfg = Release|Any CPU
		{02D23671-5397-400B-815F-741A677FFC76}.Release|Any CPU.Build.0 = Release|Any CPU
		{02D23671-5397-400B-815F-741A677FFC76}.Release|x64.ActiveCfg = Release|x64
		{02D23671-5397-400B-815F-741A677FFC76}.Release|x64.Build.0 = Release|x64
		{C526A5BF-554D-4227-8EAC-22D634C81BCC}.Debug|Any CPU.ActiveCfg = Debug|Any CPU
		{C526A5BF-554D-4227-8EAC-22D634C81BCC}.Debug|Any CPU.Build.0 = Debug|Any CPU
		{C526A5BF-554D-4227-8EAC-22D634C81BCC}.Debug|x64.ActiveCfg = Debug|Any CPU
		{C526A5BF-554D-4227-8EAC-22D634C81BCC}.Debug|x64.Build.0 = Debug|Any CPU
		{C526A5BF-554D-4227-8EAC-22D634C81BCC}.Release|Any CPU.ActiveCfg = Release|Any CPU
		{C526A5BF-554D-4227-8EAC-22D634C81BCC}.Release|Any CPU.Build.0 = Release|Any CPU
		{C526A5BF-554D-4227-8EAC-22D634C81BCC}.Release|x64.ActiveCfg = Release|Any CPU
		{C526A5BF-554D-4227-8EAC-22D634C81BCC}.Release|x64.Build.0 = Release|Any CPU
	EndGlobalSection
	GlobalSection(SolutionProperties) = preSolution
		HideSolutionNode = FALSE
	EndGlobalSection
	GlobalSection(ExtensibilityGlobals) = postSolution
		SolutionGuid = {9446EA1D-A332-44CC-9A20-DB89395268A1}
	EndGlobalSection
EndGlobal
